
Microsoft Visual Studio Solution File, Format Version 12.00
# Visual Studio 15
VisualStudioVersion = 15.0.26730.12
MinimumVisualStudioVersion = 10.0.40219.1
Project("{FAE04EC0-301F-11D3-BF4B-00C04F79EFBC}") = "Start", "Start.csproj", "{83EF1712-2B74-4D1E-8D08-8B54C8446C89}"
EndProject
Project("{FAE04EC0-301F-11D3-BF4B-00C04F79EFBC}") = "End", "..\End\End.csproj", "{D14FC188-8950-412D-A3C0-C45A14D490F4}"
EndProject
Global
	GlobalSection(SolutionConfigurationPlatforms) = preSolution
		Debug|Any CPU = Debug|Any CPU
		Release|Any CPU = Release|Any CPU
	EndGlobalSection
	GlobalSection(ProjectConfigurationPlatforms) = postSolution
		{83EF1712-2B74-4D1E-8D08-8B54C8446C89}.Debug|Any CPU.ActiveCfg = Debug|Any CPU
		{83EF1712-2B74-4D1E-8D08-8B54C8446C89}.Debug|Any CPU.Build.0 = Debug|Any CPU
		{83EF1712-2B74-4D1E-8D08-8B54C8446C89}.Release|Any CPU.ActiveCfg = Release|Any CPU
		{83EF1712-2B74-4D1E-8D08-8B54C8446C89}.Release|Any CPU.Build.0 = Release|Any CPU
		{D14FC188-8950-412D-A3C0-C45A14D490F4}.Debug|Any CPU.ActiveCfg = Debug|Any CPU
		{D14FC188-8950-412D-A3C0-C45A14D490F4}.Debug|Any CPU.Build.0 = Debug|Any CPU
		{D14FC188-8950-412D-A3C0-C45A14D490F4}.Release|Any CPU.ActiveCfg = Release|Any CPU
		{D14FC188-8950-412D-A3C0-C45A14D490F4}.Release|Any CPU.Build.0 = Release|Any CPU
	EndGlobalSection
	GlobalSection(SolutionProperties) = preSolution
		HideSolutionNode = FALSE
	EndGlobalSection
	GlobalSection(ExtensibilityGlobals) = postSolution
		SolutionGuid = {9EA36D19-2CAA-4FEF-88CF-AE271A5F36AD}
	EndGlobalSection
EndGlobal
